
Microsoft Visual Studio Solution File, Format Version 12.00
# Visual Studio Version 17
VisualStudioVersion = 17.3.32901.215
MinimumVisualStudioVersion = 10.0.40219.1
Project("{9A19103F-16F7-4668-BE54-9A1E7A4F7556}") = "StudiosService.WebApi", "StudiosService.WebApi\StudiosService.WebApi.csproj", "{B47BAB50-72C0-4921-BDEE-25E37D5EAE40}"
EndProject
Project("{9A19103F-16F7-4668-BE54-9A1E7A4F7556}") = "StudiosService.Data", "StudiosService.Data\StudiosService.Data.csproj", "{5CC02E48-A3F4-454C-BB09-830979AD50FD}"
EndProject
Project("{9A19103F-16F7-4668-BE54-9A1E7A4F7556}") = "StudiosService.Business", "StudiosService.Business\StudiosService.Business.csproj", "{E60C9EE3-5FD0-49B9-9C8E-15B4DAECBE7D}"
EndProject
Project("{9A19103F-16F7-4668-BE54-9A1E7A4F7556}") = "StudiosService.Infrastructure", "StudiosService.Infrastructure\StudiosService.Infrastructure.csproj", "{5EC329C8-6BED-41BB-8319-A71CBC1B1833}"
EndProject
Project("{9A19103F-16F7-4668-BE54-9A1E7A4F7556}") = "StudiosService.WebApi.IntegrationTests", "StudiosService.WebApi.IntegrationTests\StudiosService.WebApi.IntegrationTests.csproj", "{1B4D148F-9690-4ACF-BBB7-9F4C7E976D29}"
EndProject
Project("{2150E333-8FDC-42A3-9474-1A3956D46DE8}") = "Solution Items", "Solution Items", "{48367E15-C346-4D03-9180-58B2A88F108D}"
	ProjectSection(SolutionItems) = preProject
		.dockerignore = .dockerignore
		.gitignore = .gitignore
		Dockerfile = Dockerfile
	EndProjectSection
EndProject
Project("{FAE04EC0-301F-11D3-BF4B-00C04F79EFBC}") = "StudiosService.WorkerService", "StudiosService.WorkerService\StudiosService.WorkerService.csproj", "{053ED094-0203-4AB1-B94A-FFFC04455624}"
EndProject
Global
	GlobalSection(SolutionConfigurationPlatforms) = preSolution
		Debug|Any CPU = Debug|Any CPU
		Release|Any CPU = Release|Any CPU
	EndGlobalSection
	GlobalSection(ProjectConfigurationPlatforms) = postSolution
		{B47BAB50-72C0-4921-BDEE-25E37D5EAE40}.Debug|Any CPU.ActiveCfg = Debug|Any CPU
		{B47BAB50-72C0-4921-BDEE-25E37D5EAE40}.Debug|Any CPU.Build.0 = Debug|Any CPU
		{B47BAB50-72C0-4921-BDEE-25E37D5EAE40}.Release|Any CPU.ActiveCfg = Release|Any CPU
		{B47BAB50-72C0-4921-BDEE-25E37D5EAE40}.Release|Any CPU.Build.0 = Release|Any CPU
		{5CC02E48-A3F4-454C-BB09-830979AD50FD}.Debug|Any CPU.ActiveCfg = Debug|Any CPU
		{5CC02E48-A3F4-454C-BB09-830979AD50FD}.Debug|Any CPU.Build.0 = Debug|Any CPU
		{5CC02E48-A3F4-454C-BB09-830979AD50FD}.Release|Any CPU.ActiveCfg = Release|Any CPU
		{5CC02E48-A3F4-454C-BB09-830979AD50FD}.Release|Any CPU.Build.0 = Release|Any CPU
		{E60C9EE3-5FD0-49B9-9C8E-15B4DAECBE7D}.Debug|Any CPU.ActiveCfg = Debug|Any CPU
		{E60C9EE3-5FD0-49B9-9C8E-15B4DAECBE7D}.Debug|Any CPU.Build.0 = Debug|Any CPU
		{E60C9EE3-5FD0-49B9-9C8E-15B4DAECBE7D}.Release|Any CPU.ActiveCfg = Release|Any CPU
		{E60C9EE3-5FD0-49B9-9C8E-15B4DAECBE7D}.Release|Any CPU.Build.0 = Release|Any CPU
		{5EC329C8-6BED-41BB-8319-A71CBC1B1833}.Debug|Any CPU.ActiveCfg = Debug|Any CPU
		{5EC329C8-6BED-41BB-8319-A71CBC1B1833}.Debug|Any CPU.Build.0 = Debug|Any CPU
		{5EC329C8-6BED-41BB-8319-A71CBC1B1833}.Release|Any CPU.ActiveCfg = Release|Any CPU
		{5EC329C8-6BED-41BB-8319-A71CBC1B1833}.Release|Any CPU.Build.0 = Release|Any CPU
		{1B4D148F-9690-4ACF-BBB7-9F4C7E976D29}.Debug|Any CPU.ActiveCfg = Debug|Any CPU
		{1B4D148F-9690-4ACF-BBB7-9F4C7E976D29}.Debug|Any CPU.Build.0 = Debug|Any CPU
		{1B4D148F-9690-4ACF-BBB7-9F4C7E976D29}.Release|Any CPU.ActiveCfg = Release|Any CPU
		{1B4D148F-9690-4ACF-BBB7-9F4C7E976D29}.Release|Any CPU.Build.0 = Release|Any CPU
		{053ED094-0203-4AB1-B94A-FFFC04455624}.Debug|Any CPU.ActiveCfg = Debug|Any CPU
		{053ED094-0203-4AB1-B94A-FFFC04455624}.Debug|Any CPU.Build.0 = Debug|Any CPU
		{053ED094-0203-4AB1-B94A-FFFC04455624}.Release|Any CPU.ActiveCfg = Release|Any CPU
		{053ED094-0203-4AB1-B94A-FFFC04455624}.Release|Any CPU.Build.0 = Release|Any CPU
	EndGlobalSection
	GlobalSection(SolutionProperties) = preSolution
		HideSolutionNode = FALSE
	EndGlobalSection
	GlobalSection(ExtensibilityGlobals) = postSolution
		SolutionGuid = {FA5FF6EB-D3D2-4764-A749-42F1E81A3033}
	EndGlobalSection
EndGlobal
